
Microsoft Visual Studio Solution File, Format Version 12.00
# Visual Studio 15
VisualStudioVersion = 15.0.28307.168
MinimumVisualStudioVersion = 10.0.40219.1
Project("{8BC9CEB8-8B4A-11D0-8D11-00A0C91BC942}") = "TapXCLI", "TapXCLI\TapXCLI.vcxproj", "{AA8CC3A2-962A-4721-8F22-7C0B51702317}"
EndProject
Project("{8BC9CEB8-8B4A-11D0-8D11-00A0C91BC942}") = "TapXCore", "TapXCore\TapXCore.vcxproj", "{FB06AE48-DD0A-4F26-81BE-930E7CEA4C89}"
EndProject
Project("{8BC9CEB8-8B4A-11D0-8D11-00A0C91BC942}") = "CoreTests", "CoreTests\CoreTests.vcxproj", "{5FC78572-1F0B-48EF-A541-67D1DCFFF87D}"
EndProject
Project("{FAE04EC0-301F-11D3-BF4B-00C04F79EFBC}") = "WrapperSandbox", "WrapperSandbox\WrapperSandbox.csproj", "{710A8CDA-D2B1-49DA-8591-E059B5ECAFAE}"
EndProject
Project("{FAE04EC0-301F-11D3-BF4B-00C04F79EFBC}") = "TapXU", "TapXU\TapXU.csproj", "{017590B6-2891-404A-BC74-7461CE1E5C83}"
EndProject
Project("{8BC9CEB8-8B4A-11D0-8D11-00A0C91BC942}") = "TapXCoreExport", "TapXCoreExport\TapXCoreExport.vcxproj", "{73487705-BD10-4B40-A28E-02DFA080BFA6}"
EndProject
Global
	GlobalSection(SolutionConfigurationPlatforms) = preSolution
		Debug|Any CPU = Debug|Any CPU
		Debug|x64 = Debug|x64
		Debug|x86 = Debug|x86
		Release|Any CPU = Release|Any CPU
		Release|x64 = Release|x64
		Release|x86 = Release|x86
	EndGlobalSection
	GlobalSection(ProjectConfigurationPlatforms) = postSolution
		{AA8CC3A2-962A-4721-8F22-7C0B51702317}.Debug|Any CPU.ActiveCfg = Debug|x64
		{AA8CC3A2-962A-4721-8F22-7C0B51702317}.Debug|Any CPU.Build.0 = Debug|x64
		{AA8CC3A2-962A-4721-8F22-7C0B51702317}.Debug|x64.ActiveCfg = Debug|x64
		{AA8CC3A2-962A-4721-8F22-7C0B51702317}.Debug|x64.Build.0 = Debug|x64
		{AA8CC3A2-962A-4721-8F22-7C0B51702317}.Debug|x86.ActiveCfg = Debug|Win32
		{AA8CC3A2-962A-4721-8F22-7C0B51702317}.Debug|x86.Build.0 = Debug|Win32
		{AA8CC3A2-962A-4721-8F22-7C0B51702317}.Release|Any CPU.ActiveCfg = Release|x64
		{AA8CC3A2-962A-4721-8F22-7C0B51702317}.Release|Any CPU.Build.0 = Release|x64
		{AA8CC3A2-962A-4721-8F22-7C0B51702317}.Release|x64.ActiveCfg = Release|x64
		{AA8CC3A2-962A-4721-8F22-7C0B51702317}.Release|x64.Build.0 = Release|x64
		{AA8CC3A2-962A-4721-8F22-7C0B51702317}.Release|x86.ActiveCfg = Release|Win32
		{AA8CC3A2-962A-4721-8F22-7C0B51702317}.Release|x86.Build.0 = Release|Win32
		{FB06AE48-DD0A-4F26-81BE-930E7CEA4C89}.Debug|Any CPU.ActiveCfg = Debug|x64
		{FB06AE48-DD0A-4F26-81BE-930E7CEA4C89}.Debug|Any CPU.Build.0 = Debug|x64
		{FB06AE48-DD0A-4F26-81BE-930E7CEA4C89}.Debug|x64.ActiveCfg = Debug|x64
		{FB06AE48-DD0A-4F26-81BE-930E7CEA4C89}.Debug|x64.Build.0 = Debug|x64
		{FB06AE48-DD0A-4F26-81BE-930E7CEA4C89}.Debug|x86.ActiveCfg = Debug|Win32
		{FB06AE48-DD0A-4F26-81BE-930E7CEA4C89}.Debug|x86.Build.0 = Debug|Win32
		{FB06AE48-DD0A-4F26-81BE-930E7CEA4C89}.Release|Any CPU.ActiveCfg = Release|x64
		{FB06AE48-DD0A-4F26-81BE-930E7CEA4C89}.Release|Any CPU.Build.0 = Release|x64
		{FB06AE48-DD0A-4F26-81BE-930E7CEA4C89}.Release|x64.ActiveCfg = Release|x64
		{FB06AE48-DD0A-4F26-81BE-930E7CEA4C89}.Release|x64.Build.0 = Release|x64
		{FB06AE48-DD0A-4F26-81BE-930E7CEA4C89}.Release|x86.ActiveCfg = Release|Win32
		{FB06AE48-DD0A-4F26-81BE-930E7CEA4C89}.Release|x86.Build.0 = Release|Win32
		{5FC78572-1F0B-48EF-A541-67D1DCFFF87D}.Debug|Any CPU.ActiveCfg = Debug|x64
		{5FC78572-1F0B-48EF-A541-67D1DCFFF87D}.Debug|Any CPU.Build.0 = Debug|x64
		{5FC78572-1F0B-48EF-A541-67D1DCFFF87D}.Debug|x64.ActiveCfg = Debug|x64
		{5FC78572-1F0B-48EF-A541-67D1DCFFF87D}.Debug|x64.Build.0 = Debug|x64
		{5FC78572-1F0B-48EF-A541-67D1DCFFF87D}.Debug|x86.ActiveCfg = Debug|Win32
		{5FC78572-1F0B-48EF-A541-67D1DCFFF87D}.Debug|x86.Build.0 = Debug|Win32
		{5FC78572-1F0B-48EF-A541-67D1DCFFF87D}.Release|Any CPU.ActiveCfg = Release|x64
		{5FC78572-1F0B-48EF-A541-67D1DCFFF87D}.Release|Any CPU.Build.0 = Release|x64
		{5FC78572-1F0B-48EF-A541-67D1DCFFF87D}.Release|x64.ActiveCfg = Release|x64
		{5FC78572-1F0B-48EF-A541-67D1DCFFF87D}.Release|x64.Build.0 = Release|x64
		{5FC78572-1F0B-48EF-A541-67D1DCFFF87D}.Release|x86.ActiveCfg = Release|Win32
		{5FC78572-1F0B-48EF-A541-67D1DCFFF87D}.Release|x86.Build.0 = Release|Win32
		{710A8CDA-D2B1-49DA-8591-E059B5ECAFAE}.Debug|Any CPU.ActiveCfg = Debug|Any CPU
		{710A8CDA-D2B1-49DA-8591-E059B5ECAFAE}.Debug|Any CPU.Build.0 = Debug|Any CPU
		{710A8CDA-D2B1-49DA-8591-E059B5ECAFAE}.Debug|x64.ActiveCfg = Debug|Any CPU
		{710A8CDA-D2B1-49DA-8591-E059B5ECAFAE}.Debug|x64.Build.0 = Debug|Any CPU
		{710A8CDA-D2B1-49DA-8591-E059B5ECAFAE}.Debug|x86.ActiveCfg = Debug|Any CPU
		{710A8CDA-D2B1-49DA-8591-E059B5ECAFAE}.Debug|x86.Build.0 = Debug|Any CPU
		{710A8CDA-D2B1-49DA-8591-E059B5ECAFAE}.Release|Any CPU.ActiveCfg = Release|Any CPU
		{710A8CDA-D2B1-49DA-8591-E059B5ECAFAE}.Release|Any CPU.Build.0 = Release|Any CPU
		{710A8CDA-D2B1-49DA-8591-E059B5ECAFAE}.Release|x64.ActiveCfg = Release|Any CPU
		{710A8CDA-D2B1-49DA-8591-E059B5ECAFAE}.Release|x64.Build.0 = Release|Any CPU
		{710A8CDA-D2B1-49DA-8591-E059B5ECAFAE}.Release|x86.ActiveCfg = Release|Any CPU
		{710A8CDA-D2B1-49DA-8591-E059B5ECAFAE}.Release|x86.Build.0 = Release|Any CPU
		{017590B6-2891-404A-BC74-7461CE1E5C83}.Debug|Any CPU.ActiveCfg = Debug|Any CPU
		{017590B6-2891-404A-BC74-7461CE1E5C83}.Debug|Any CPU.Build.0 = Debug|Any CPU
		{017590B6-2891-404A-BC74-7461CE1E5C83}.Debug|x64.ActiveCfg = Debug|Any CPU
		{017590B6-2891-404A-BC74-7461CE1E5C83}.Debug|x64.Build.0 = Debug|Any CPU
		{017590B6-2891-404A-BC74-7461CE1E5C83}.Debug|x86.ActiveCfg = Debug|Any CPU
		{017590B6-2891-404A-BC74-7461CE1E5C83}.Debug|x86.Build.0 = Debug|Any CPU
		{017590B6-2891-404A-BC74-7461CE1E5C83}.Release|Any CPU.ActiveCfg = Release|Any CPU
		{017590B6-2891-404A-BC74-7461CE1E5C83}.Release|Any CPU.Build.0 = Release|Any CPU
		{017590B6-2891-404A-BC74-7461CE1E5C83}.Release|x64.ActiveCfg = Release|Any CPU
		{017590B6-2891-404A-BC74-7461CE1E5C83}.Release|x64.Build.0 = Release|Any CPU
		{017590B6-2891-404A-BC74-7461CE1E5C83}.Release|x86.ActiveCfg = Release|Any CPU
		{017590B6-2891-404A-BC74-7461CE1E5C83}.Release|x86.Build.0 = Release|Any CPU
		{73487705-BD10-4B40-A28E-02DFA080BFA6}.Debug|Any CPU.ActiveCfg = Debug|Win32
		{73487705-BD10-4B40-A28E-02DFA080BFA6}.Debug|x64.ActiveCfg = Debug|x64
		{73487705-BD10-4B40-A28E-02DFA080BFA6}.Debug|x64.Build.0 = Debug|x64
		{73487705-BD10-4B40-A28E-02DFA080BFA6}.Debug|x86.ActiveCfg = Debug|Win32
		{73487705-BD10-4B40-A28E-02DFA080BFA6}.Debug|x86.Build.0 = Debug|Win32
		{73487705-BD10-4B40-A28E-02DFA080BFA6}.Release|Any CPU.ActiveCfg = Release|Win32
		{73487705-BD10-4B40-A28E-02DFA080BFA6}.Release|x64.ActiveCfg = Release|x64
		{73487705-BD10-4B40-A28E-02DFA080BFA6}.Release|x64.Build.0 = Release|x64
		{73487705-BD10-4B40-A28E-02DFA080BFA6}.Release|x86.ActiveCfg = Release|Win32
		{73487705-BD10-4B40-A28E-02DFA080BFA6}.Release|x86.Build.0 = Release|Win32
	EndGlobalSection
	GlobalSection(SolutionProperties) = preSolution
		HideSolutionNode = FALSE
	EndGlobalSection
	GlobalSection(ExtensibilityGlobals) = postSolution
		SolutionGuid = {4782B602-8BCC-4A42-A775-E66D1C0C8AC5}
	EndGlobalSection
EndGlobal
